
Microsoft Visual Studio Solution File, Format Version 12.00
# Visual Studio Version 16
VisualStudioVersion = 16.0.30028.174
MinimumVisualStudioVersion = 10.0.40219.1
Project("{FAE04EC0-301F-11D3-BF4B-00C04F79EFBC}") = "EfCoreExcelExport", "EfCoreExcelExport.csproj", "{38532820-2897-4577-85B0-98F180558406}"
EndProject
Global
	GlobalSection(SolutionConfigurationPlatforms) = preSolution
		Debug|Any CPU = Debug|Any CPU
		Release|Any CPU = Release|Any CPU
	EndGlobalSection
	GlobalSection(ProjectConfigurationPlatforms) = postSolution
		{38532820-2897-4577-85B0-98F180558406}.Debug|Any CPU.ActiveCfg = Debug|Any CPU
		{38532820-2897-4577-85B0-98F180558406}.Debug|Any CPU.Build.0 = Debug|Any CPU
		{38532820-2897-4577-85B0-98F180558406}.Release|Any CPU.ActiveCfg = Release|Any CPU
		{38532820-2897-4577-85B0-98F180558406}.Release|Any CPU.Build.0 = Release|Any CPU
	EndGlobalSection
	GlobalSection(SolutionProperties) = preSolution
		HideSolutionNode = FALSE
	EndGlobalSection
	GlobalSection(ExtensibilityGlobals) = postSolution
		SolutionGuid = {0F9F5CB6-05DF-4A6B-848F-420AD0072B00}
	EndGlobalSection
EndGlobal
